
Microsoft Visual Studio Solution File, Format Version 12.00
# Visual Studio Version 17
VisualStudioVersion = 17.7.34221.43
MinimumVisualStudioVersion = 10.0.40219.1
Project("{9A19103F-16F7-4668-BE54-9A1E7A4F7556}") = "Benzene.Abstractions", "src\Benzene.Abstractions\Benzene.Abstractions.csproj", "{D5C7A9AF-7217-43D6-8BE7-758C70FEB8E6}"
EndProject
Project("{9A19103F-16F7-4668-BE54-9A1E7A4F7556}") = "Benzene.Core", "src\Benzene.Core\Benzene.Core.csproj", "{5DEFC99A-E77E-4240-B72B-80E575950FF6}"
EndProject
Project("{9A19103F-16F7-4668-BE54-9A1E7A4F7556}") = "Benzene.Test", "test\Benzene.Core.Test\Benzene.Test.csproj", "{0791E63D-E8BD-43B6-A271-85E5A5D4E0D7}"
EndProject
Project("{9A19103F-16F7-4668-BE54-9A1E7A4F7556}") = "Benzene.HealthChecks", "src\Benzene.HealthChecks\Benzene.HealthChecks.csproj", "{7C2AA7E7-961E-488E-81E0-E0619639AC71}"
EndProject
Project("{9A19103F-16F7-4668-BE54-9A1E7A4F7556}") = "Benzene.FluentValidation", "src\Benzene.FluentValidation\Benzene.FluentValidation.csproj", "{229D3B6F-A643-431C-8001-CC303BE2BA5D}"
EndProject
Project("{9A19103F-16F7-4668-BE54-9A1E7A4F7556}") = "Benzene.Http", "src\Benzene.Http\Benzene.Http.csproj", "{9E705D62-36A7-44A7-91CE-67BF924A2BDF}"
EndProject
Project("{9A19103F-16F7-4668-BE54-9A1E7A4F7556}") = "Benzene.Diagnostics", "src\Benzene.Diagnostics\Benzene.Diagnostics.csproj", "{4029D8C6-360B-441B-B408-77F2F09B7E43}"
EndProject
Project("{9A19103F-16F7-4668-BE54-9A1E7A4F7556}") = "Benzene.Aws.Core", "src\Benzene.Aws.Core\Benzene.Aws.Core.csproj", "{F96C5334-5B80-4FB5-B7CF-79A58BE1A771}"
EndProject
Project("{9A19103F-16F7-4668-BE54-9A1E7A4F7556}") = "Benzene.Microsoft.Dependencies", "src\Benzene.Microsoft.Dependencies\Benzene.Microsoft.Dependencies.csproj", "{161D7FDC-F9F7-4828-9157-3AC67EFDB22A}"
EndProject
Project("{9A19103F-16F7-4668-BE54-9A1E7A4F7556}") = "Benzene.Xml", "src\Benzene.Xml\Benzene.Xml.csproj", "{69D7B0FB-AE2F-4430-BA28-0EB92C715146}"
EndProject
Project("{2150E333-8FDC-42A3-9474-1A3956D46DE8}") = "Aws", "Aws", "{66D2851D-A680-4BAB-B360-322313B64811}"
EndProject
Project("{9A19103F-16F7-4668-BE54-9A1E7A4F7556}") = "Benzene.Microsoft.Logging", "src\Benzene.Microsoft.Logging\Benzene.Microsoft.Logging.csproj", "{C0A17AD3-A796-4527-84AF-79D00A02F3AF}"
EndProject
Project("{9A19103F-16F7-4668-BE54-9A1E7A4F7556}") = "Benzene.Log4Net", "src\Benzene.Log4Net\Benzene.Log4Net.csproj", "{9F57F5BD-CBCE-452A-AB11-50A0B052E19F}"
EndProject
Project("{9A19103F-16F7-4668-BE54-9A1E7A4F7556}") = "Benzene.Clients", "src\Benzene.Clients\Benzene.Clients.csproj", "{C6674748-8FEF-4C5A-AA7B-34E7AFC70BC6}"
EndProject
Project("{2150E333-8FDC-42A3-9474-1A3956D46DE8}") = "Clients", "Clients", "{433C8122-E7A6-494C-8440-B2CD3D0060F6}"
EndProject
Project("{2150E333-8FDC-42A3-9474-1A3956D46DE8}") = "Core", "Core", "{0992316E-655D-4E7E-A30F-54660F9E36C4}"
EndProject
Project("{2150E333-8FDC-42A3-9474-1A3956D46DE8}") = "Logging", "Logging", "{A5C4A459-8573-447E-AA67-DD49DDD4C1ED}"
EndProject
Project("{2150E333-8FDC-42A3-9474-1A3956D46DE8}") = "Plugins", "Plugins", "{DF2E1524-7A43-4B2B-80BD-35ED42137E8F}"
EndProject
Project("{2150E333-8FDC-42A3-9474-1A3956D46DE8}") = "Tools", "Tools", "{35A4AB56-B561-47D5-B529-8F1C2BD8E150}"
EndProject
Project("{2150E333-8FDC-42A3-9474-1A3956D46DE8}") = "Autogen", "Autogen", "{E23CC524-C196-47CB-BEE1-46FCB37380F0}"
EndProject
Project("{9A19103F-16F7-4668-BE54-9A1E7A4F7556}") = "Benzene.Schema.OpenApi", "src\Benzene.Schema.OpenApi\Benzene.Schema.OpenApi.csproj", "{9F3CECB3-20F6-4134-99EA-BE05A91BF219}"
EndProject
Project("{2150E333-8FDC-42A3-9474-1A3956D46DE8}") = "Solution Items", "Solution Items", "{C48E4B69-95BF-4C5D-B3EC-6B80605F674D}"
	ProjectSection(SolutionItems) = preProject
		ToDo.txt = ToDo.txt
	EndProjectSection
EndProject
Project("{9A19103F-16F7-4668-BE54-9A1E7A4F7556}") = "Benzene.Aws.ApiGateway", "src\Benzene.Aws.ApiGateway\Benzene.Aws.ApiGateway.csproj", "{923CBAA4-5355-47D2-BF0E-16968333391D}"
EndProject
Project("{9A19103F-16F7-4668-BE54-9A1E7A4F7556}") = "Benzene.Aws.Sns", "src\Benzene.Aws.Sns\Benzene.Aws.Sns.csproj", "{9C69EDCB-72AA-45F2-8417-1414474904A7}"
EndProject
Project("{9A19103F-16F7-4668-BE54-9A1E7A4F7556}") = "Benzene.Aws.Sqs", "src\Benzene.Aws.Sqs\Benzene.Aws.Sqs.csproj", "{153C8C6B-7BF9-4007-A8DF-9183A575A536}"
EndProject
Project("{9A19103F-16F7-4668-BE54-9A1E7A4F7556}") = "Benzene.Aws.Kafka", "src\Benzene.Aws.Kafka\Benzene.Aws.Kafka.csproj", "{B44B4A62-5AAB-4FDB-BE57-FCD758D65530}"
EndProject
Project("{9A19103F-16F7-4668-BE54-9A1E7A4F7556}") = "Benzene.Aws.XRay", "src\Benzene.Aws.XRay\Benzene.Aws.XRay.csproj", "{F95091A5-68C0-46DE-B4F6-F8A73330BE8C}"
EndProject
Project("{9A19103F-16F7-4668-BE54-9A1E7A4F7556}") = "Benzene.Tools", "src\Benzene.Tools\Benzene.Tools.csproj", "{6E705AD0-1E63-4924-B7F8-917D422D1F89}"
EndProject
Project("{9A19103F-16F7-4668-BE54-9A1E7A4F7556}") = "Benzene.NewtonsoftJson", "src\Benzene.NewtonsoftJson\Benzene.NewtonsoftJson.csproj", "{AAABF77B-1645-4234-80FA-6691BF4D13D4}"
EndProject
Project("{9A19103F-16F7-4668-BE54-9A1E7A4F7556}") = "Benzene.Clients.HealthChecks", "src\Benzene.Clients.HealthChecks\Benzene.Clients.HealthChecks.csproj", "{092D6D1D-87DE-4837-AAE1-D822C61B5ECC}"
EndProject
Project("{9A19103F-16F7-4668-BE54-9A1E7A4F7556}") = "Benzene.CodeGen.Core", "src\Benzene.CodeGen.Core\Benzene.CodeGen.Core.csproj", "{7A4A0482-00C7-47ED-BB74-02474A20CFC4}"
EndProject
Project("{9A19103F-16F7-4668-BE54-9A1E7A4F7556}") = "Benzene.CodeGen.Terraform", "src\Benzene.CodeGen.Terraform\Benzene.CodeGen.Terraform.csproj", "{97259CC5-8BDE-433A-B4D9-09F2B899A4D0}"
EndProject
Project("{9A19103F-16F7-4668-BE54-9A1E7A4F7556}") = "Benzene.CodeGen.MockLambdaTool", "src\Benzene.CodeGen.MockLambdaTool\Benzene.CodeGen.MockLambdaTool.csproj", "{D3A05883-0617-4463-A94A-D2831B6EEB9D}"
EndProject
Project("{2150E333-8FDC-42A3-9474-1A3956D46DE8}") = "Azure", "Azure", "{CDFA0948-0562-4FA5-B007-D38BEAFFA391}"
EndProject
Project("{9A19103F-16F7-4668-BE54-9A1E7A4F7556}") = "Benzene.Azure.Core", "src\Benzene.Azure.Core\Benzene.Azure.Core.csproj", "{B114B4F4-587E-47D3-B942-4FBBAEA79749}"
EndProject
Project("{9A19103F-16F7-4668-BE54-9A1E7A4F7556}") = "Benzene.CodeGen.Client", "src\Benzene.CodeGen.Client\Benzene.CodeGen.Client.csproj", "{5A45E6B4-6759-46BC-AFAB-423E4EE9B3BB}"
EndProject
Project("{9A19103F-16F7-4668-BE54-9A1E7A4F7556}") = "Benzene.CodeGen.Markdown", "src\Benzene.CodeGen.Markdown\Benzene.CodeGen.Markdown.csproj", "{760C161D-68D2-432B-8C64-216325F762BE}"
EndProject
Project("{9A19103F-16F7-4668-BE54-9A1E7A4F7556}") = "Benzene.Results", "src\Benzene.Results\Benzene.Results.csproj", "{0369CE45-3186-4979-A769-D054A27DABEE}"
EndProject
Project("{9A19103F-16F7-4668-BE54-9A1E7A4F7556}") = "Benzene.HealthChecks.Core", "src\Benzene.HealthChecks.Core\Benzene.HealthChecks.Core.csproj", "{BAB504BE-0150-4373-9F3F-FA131D20D178}"
EndProject
Project("{2150E333-8FDC-42A3-9474-1A3956D46DE8}") = "HealthChecks", "HealthChecks", "{FA13C33B-1BEE-412C-B771-BA4B8CDB41B1}"
EndProject
Project("{9A19103F-16F7-4668-BE54-9A1E7A4F7556}") = "Benzene.HealthChecks.Http", "src\Benzene.HealthChecks.Http\Benzene.HealthChecks.Http.csproj", "{F48EBFCB-F99E-4AD2-B3D8-6B249D6E82B1}"
EndProject
Project("{9A19103F-16F7-4668-BE54-9A1E7A4F7556}") = "Benzene.Abstractions.Pipelines", "src\Benzene.Abstractions.Pipelines\Benzene.Abstractions.Pipelines.csproj", "{DF790C78-B5B7-4B05-977F-E7C10A6EFD63}"
EndProject
Project("{9A19103F-16F7-4668-BE54-9A1E7A4F7556}") = "Benzene.CodeGen.ApiGateway", "src\Benzene.CodeGen.ApiGateway\Benzene.CodeGen.ApiGateway.csproj", "{4591B71A-BC63-4D0C-9CD8-90BE3C578E9B}"
EndProject
Project("{2150E333-8FDC-42A3-9474-1A3956D46DE8}") = "Cli", "Cli", "{E5CE1340-6CCC-499F-89A9-EFE676909955}"
EndProject
Project("{9A19103F-16F7-4668-BE54-9A1E7A4F7556}") = "Benzene.CodeGen.Cli", "src\Benzene.CodeGen.Cli\Benzene.CodeGen.Cli.csproj", "{5133EB2E-BB40-4534-9722-A741336305F0}"
EndProject
Project("{9A19103F-16F7-4668-BE54-9A1E7A4F7556}") = "Benzene.CodeGen.Cli.Core", "src\Benzene.CodeGen.Cli.Core\Benzene.CodeGen.Cli.Core.csproj", "{82ACD830-EE03-46A6-839E-92126CDE839B}"
EndProject
Project("{9A19103F-16F7-4668-BE54-9A1E7A4F7556}") = "Benzene.Clients.Aws", "src\Benzene.Clients.Aws\Benzene.Clients.Aws.csproj", "{6C5CA728-FB8C-4489-B3A3-DCC0136CB0B9}"
EndProject
Project("{9A19103F-16F7-4668-BE54-9A1E7A4F7556}") = "Benzene.HealthChecks.EntityFramework", "src\Benzene.HealthChecks.EntityFramework\Benzene.HealthChecks.EntityFramework.csproj", "{E6798001-DC2F-4955-B475-94CE9544FE96}"
EndProject
Project("{2150E333-8FDC-42A3-9474-1A3956D46DE8}") = "SelfHost", "SelfHost", "{F960B1C5-18B9-4945-BB34-011946B5C31F}"
EndProject
Project("{9A19103F-16F7-4668-BE54-9A1E7A4F7556}") = "Benzene.SelfHost", "src\Benzene.SelfHost\Benzene.SelfHost.csproj", "{F98B931F-D015-48A5-AC31-ED4B4B132166}"
EndProject
Project("{9A19103F-16F7-4668-BE54-9A1E7A4F7556}") = "Benzene.DataAnnotations", "src\Benzene.DataAnnotations\Benzene.DataAnnotations.csproj", "{8870E4CB-C774-4F78-A086-C16FBBA31508}"
EndProject
Project("{2150E333-8FDC-42A3-9474-1A3956D46DE8}") = "Cache", "Cache", "{FFF3A448-BAC7-4AB2-BC52-F39E43859189}"
EndProject
Project("{9A19103F-16F7-4668-BE54-9A1E7A4F7556}") = "Benzene.Cache.Core", "src\Benzene.Cache.Core\Benzene.Cache.Core.csproj", "{6194270C-9110-4FFC-8AFF-CBD0F067CB33}"
EndProject
Project("{9A19103F-16F7-4668-BE54-9A1E7A4F7556}") = "Benzene.Datadog", "src\Benzene.Datadog\Benzene.Datadog.csproj", "{0BCDB95E-6304-4FE6-B475-6CA562A582DE}"
EndProject
Project("{9A19103F-16F7-4668-BE54-9A1E7A4F7556}") = "Benzene.Cache.Redis", "src\Benzene.Cache.Redis\Benzene.Cache.Redis.csproj", "{881082E6-5BCE-4062-815A-E90665A26813}"
EndProject
Project("{9A19103F-16F7-4668-BE54-9A1E7A4F7556}") = "Benzene.Autofac", "src\Benzene.Autofac\Benzene.Autofac.csproj", "{FA1B985B-0CA7-4AE5-9A0B-78E912CEE7C0}"
EndProject
Project("{9A19103F-16F7-4668-BE54-9A1E7A4F7556}") = "Benzene.Azure.AspNet", "src\Benzene.Azure.AspNet\Benzene.Azure.AspNet.csproj", "{36EAD40C-CF85-4984-8DBB-C26F4BC7D555}"
EndProject
Project("{9A19103F-16F7-4668-BE54-9A1E7A4F7556}") = "Benzene.Azure.EventHub", "src\Benzene.Azure.EventHub\Benzene.Azure.EventHub.csproj", "{8D26848F-A835-45AC-8425-D42974D44E70}"
EndProject
Project("{9A19103F-16F7-4668-BE54-9A1E7A4F7556}") = "Benzene.Azure.Kafka", "src\Benzene.Azure.Kafka\Benzene.Azure.Kafka.csproj", "{303CDEAE-1C68-4788-824F-0930E43D74BA}"
EndProject
Project("{2150E333-8FDC-42A3-9474-1A3956D46DE8}") = "Asp", "Asp", "{8CC3A02C-A858-4CDE-9B8C-33F0088DB01C}"
EndProject
Project("{9A19103F-16F7-4668-BE54-9A1E7A4F7556}") = "Benzene.AspNet.Core", "src\Benzene.AspNet.Core\Benzene.AspNet.Core.csproj", "{3EABEF97-83B4-4787-9F17-08FFD2B85967}"
EndProject
Project("{2150E333-8FDC-42A3-9474-1A3956D46DE8}") = "Kafka", "Kafka", "{CAD82064-4662-44C3-80EB-BF546EC1900C}"
EndProject
Project("{9A19103F-16F7-4668-BE54-9A1E7A4F7556}") = "Benzene.Kafka.Core", "src\Benzene.Kafka.Core\Benzene.Kafka.Core.csproj", "{E2B27A4C-D229-4F32-A813-0E663C5BED70}"
EndProject
Project("{2150E333-8FDC-42A3-9474-1A3956D46DE8}") = "Tests", "Tests", "{2B1F5C89-1A32-4004-B96A-5D2F147386DE}"
EndProject
Project("{9A19103F-16F7-4668-BE54-9A1E7A4F7556}") = "Benzene.HostedService", "src\Benzene.HostedService\Benzene.HostedService.csproj", "{2B8BEB4D-D1D7-4C89-ADBD-59B4AE6F40A7}"
EndProject
Project("{9A19103F-16F7-4668-BE54-9A1E7A4F7556}") = "Benzene.SelfHost.Http", "src\Benzene.SelfHost.Http\Benzene.SelfHost.Http.csproj", "{BBACD83C-165C-4F2C-BD12-125568337580}"
EndProject
Project("{9A19103F-16F7-4668-BE54-9A1E7A4F7556}") = "Benzene.Serilog", "src\Benzene.Serilog\Benzene.Serilog.csproj", "{E97FA01D-DF86-4242-928D-16FC9C0B6B7F}"
EndProject
Project("{2150E333-8FDC-42A3-9474-1A3956D46DE8}") = "Grpc", "Grpc", "{6F9227E9-4621-4DB5-884D-E4463AA5349C}"
EndProject
Project("{9A19103F-16F7-4668-BE54-9A1E7A4F7556}") = "Benzene.Grpc", "src\Benzene.Grpc\Benzene.Grpc.csproj", "{FF095B9C-91B9-4918-8A52-0CD3348F559E}"
EndProject
Global
	GlobalSection(SolutionConfigurationPlatforms) = preSolution
		Debug|Any CPU = Debug|Any CPU
		Release|Any CPU = Release|Any CPU
	EndGlobalSection
	GlobalSection(ProjectConfigurationPlatforms) = postSolution
		{D5C7A9AF-7217-43D6-8BE7-758C70FEB8E6}.Debug|Any CPU.ActiveCfg = Debug|Any CPU
		{D5C7A9AF-7217-43D6-8BE7-758C70FEB8E6}.Debug|Any CPU.Build.0 = Debug|Any CPU
		{D5C7A9AF-7217-43D6-8BE7-758C70FEB8E6}.Release|Any CPU.ActiveCfg = Release|Any CPU
		{D5C7A9AF-7217-43D6-8BE7-758C70FEB8E6}.Release|Any CPU.Build.0 = Release|Any CPU
		{5DEFC99A-E77E-4240-B72B-80E575950FF6}.Debug|Any CPU.ActiveCfg = Debug|Any CPU
		{5DEFC99A-E77E-4240-B72B-80E575950FF6}.Debug|Any CPU.Build.0 = Debug|Any CPU
		{5DEFC99A-E77E-4240-B72B-80E575950FF6}.Release|Any CPU.ActiveCfg = Release|Any CPU
		{5DEFC99A-E77E-4240-B72B-80E575950FF6}.Release|Any CPU.Build.0 = Release|Any CPU
		{0791E63D-E8BD-43B6-A271-85E5A5D4E0D7}.Debug|Any CPU.ActiveCfg = Debug|Any CPU
		{0791E63D-E8BD-43B6-A271-85E5A5D4E0D7}.Debug|Any CPU.Build.0 = Debug|Any CPU
		{0791E63D-E8BD-43B6-A271-85E5A5D4E0D7}.Release|Any CPU.ActiveCfg = Release|Any CPU
		{0791E63D-E8BD-43B6-A271-85E5A5D4E0D7}.Release|Any CPU.Build.0 = Release|Any CPU
		{7C2AA7E7-961E-488E-81E0-E0619639AC71}.Debug|Any CPU.ActiveCfg = Debug|Any CPU
		{7C2AA7E7-961E-488E-81E0-E0619639AC71}.Debug|Any CPU.Build.0 = Debug|Any CPU
		{7C2AA7E7-961E-488E-81E0-E0619639AC71}.Release|Any CPU.ActiveCfg = Release|Any CPU
		{7C2AA7E7-961E-488E-81E0-E0619639AC71}.Release|Any CPU.Build.0 = Release|Any CPU
		{229D3B6F-A643-431C-8001-CC303BE2BA5D}.Debug|Any CPU.ActiveCfg = Debug|Any CPU
		{229D3B6F-A643-431C-8001-CC303BE2BA5D}.Debug|Any CPU.Build.0 = Debug|Any CPU
		{229D3B6F-A643-431C-8001-CC303BE2BA5D}.Release|Any CPU.ActiveCfg = Release|Any CPU
		{229D3B6F-A643-431C-8001-CC303BE2BA5D}.Release|Any CPU.Build.0 = Release|Any CPU
		{9E705D62-36A7-44A7-91CE-67BF924A2BDF}.Debug|Any CPU.ActiveCfg = Debug|Any CPU
		{9E705D62-36A7-44A7-91CE-67BF924A2BDF}.Debug|Any CPU.Build.0 = Debug|Any CPU
		{9E705D62-36A7-44A7-91CE-67BF924A2BDF}.Release|Any CPU.ActiveCfg = Release|Any CPU
		{9E705D62-36A7-44A7-91CE-67BF924A2BDF}.Release|Any CPU.Build.0 = Release|Any CPU
		{4029D8C6-360B-441B-B408-77F2F09B7E43}.Debug|Any CPU.ActiveCfg = Debug|Any CPU
		{4029D8C6-360B-441B-B408-77F2F09B7E43}.Debug|Any CPU.Build.0 = Debug|Any CPU
		{4029D8C6-360B-441B-B408-77F2F09B7E43}.Release|Any CPU.ActiveCfg = Release|Any CPU
		{4029D8C6-360B-441B-B408-77F2F09B7E43}.Release|Any CPU.Build.0 = Release|Any CPU
		{F96C5334-5B80-4FB5-B7CF-79A58BE1A771}.Debug|Any CPU.ActiveCfg = Debug|Any CPU
		{F96C5334-5B80-4FB5-B7CF-79A58BE1A771}.Debug|Any CPU.Build.0 = Debug|Any CPU
		{F96C5334-5B80-4FB5-B7CF-79A58BE1A771}.Release|Any CPU.ActiveCfg = Release|Any CPU
		{F96C5334-5B80-4FB5-B7CF-79A58BE1A771}.Release|Any CPU.Build.0 = Release|Any CPU
		{161D7FDC-F9F7-4828-9157-3AC67EFDB22A}.Debug|Any CPU.ActiveCfg = Debug|Any CPU
		{161D7FDC-F9F7-4828-9157-3AC67EFDB22A}.Debug|Any CPU.Build.0 = Debug|Any CPU
		{161D7FDC-F9F7-4828-9157-3AC67EFDB22A}.Release|Any CPU.ActiveCfg = Release|Any CPU
		{161D7FDC-F9F7-4828-9157-3AC67EFDB22A}.Release|Any CPU.Build.0 = Release|Any CPU
		{69D7B0FB-AE2F-4430-BA28-0EB92C715146}.Debug|Any CPU.ActiveCfg = Debug|Any CPU
		{69D7B0FB-AE2F-4430-BA28-0EB92C715146}.Debug|Any CPU.Build.0 = Debug|Any CPU
		{69D7B0FB-AE2F-4430-BA28-0EB92C715146}.Release|Any CPU.ActiveCfg = Release|Any CPU
		{69D7B0FB-AE2F-4430-BA28-0EB92C715146}.Release|Any CPU.Build.0 = Release|Any CPU
		{C0A17AD3-A796-4527-84AF-79D00A02F3AF}.Debug|Any CPU.ActiveCfg = Debug|Any CPU
		{C0A17AD3-A796-4527-84AF-79D00A02F3AF}.Debug|Any CPU.Build.0 = Debug|Any CPU
		{C0A17AD3-A796-4527-84AF-79D00A02F3AF}.Release|Any CPU.ActiveCfg = Release|Any CPU
		{C0A17AD3-A796-4527-84AF-79D00A02F3AF}.Release|Any CPU.Build.0 = Release|Any CPU
		{9F57F5BD-CBCE-452A-AB11-50A0B052E19F}.Debug|Any CPU.ActiveCfg = Debug|Any CPU
		{9F57F5BD-CBCE-452A-AB11-50A0B052E19F}.Debug|Any CPU.Build.0 = Debug|Any CPU
		{9F57F5BD-CBCE-452A-AB11-50A0B052E19F}.Release|Any CPU.ActiveCfg = Release|Any CPU
		{9F57F5BD-CBCE-452A-AB11-50A0B052E19F}.Release|Any CPU.Build.0 = Release|Any CPU
		{C6674748-8FEF-4C5A-AA7B-34E7AFC70BC6}.Debug|Any CPU.ActiveCfg = Debug|Any CPU
		{C6674748-8FEF-4C5A-AA7B-34E7AFC70BC6}.Debug|Any CPU.Build.0 = Debug|Any CPU
		{C6674748-8FEF-4C5A-AA7B-34E7AFC70BC6}.Release|Any CPU.ActiveCfg = Release|Any CPU
		{C6674748-8FEF-4C5A-AA7B-34E7AFC70BC6}.Release|Any CPU.Build.0 = Release|Any CPU
		{9F3CECB3-20F6-4134-99EA-BE05A91BF219}.Debug|Any CPU.ActiveCfg = Debug|Any CPU
		{9F3CECB3-20F6-4134-99EA-BE05A91BF219}.Debug|Any CPU.Build.0 = Debug|Any CPU
		{9F3CECB3-20F6-4134-99EA-BE05A91BF219}.Release|Any CPU.ActiveCfg = Release|Any CPU
		{9F3CECB3-20F6-4134-99EA-BE05A91BF219}.Release|Any CPU.Build.0 = Release|Any CPU
		{923CBAA4-5355-47D2-BF0E-16968333391D}.Debug|Any CPU.ActiveCfg = Debug|Any CPU
		{923CBAA4-5355-47D2-BF0E-16968333391D}.Debug|Any CPU.Build.0 = Debug|Any CPU
		{923CBAA4-5355-47D2-BF0E-16968333391D}.Release|Any CPU.ActiveCfg = Release|Any CPU
		{923CBAA4-5355-47D2-BF0E-16968333391D}.Release|Any CPU.Build.0 = Release|Any CPU
		{9C69EDCB-72AA-45F2-8417-1414474904A7}.Debug|Any CPU.ActiveCfg = Debug|Any CPU
		{9C69EDCB-72AA-45F2-8417-1414474904A7}.Debug|Any CPU.Build.0 = Debug|Any CPU
		{9C69EDCB-72AA-45F2-8417-1414474904A7}.Release|Any CPU.ActiveCfg = Release|Any CPU
		{9C69EDCB-72AA-45F2-8417-1414474904A7}.Release|Any CPU.Build.0 = Release|Any CPU
		{153C8C6B-7BF9-4007-A8DF-9183A575A536}.Debug|Any CPU.ActiveCfg = Debug|Any CPU
		{153C8C6B-7BF9-4007-A8DF-9183A575A536}.Debug|Any CPU.Build.0 = Debug|Any CPU
		{153C8C6B-7BF9-4007-A8DF-9183A575A536}.Release|Any CPU.ActiveCfg = Release|Any CPU
		{153C8C6B-7BF9-4007-A8DF-9183A575A536}.Release|Any CPU.Build.0 = Release|Any CPU
		{B44B4A62-5AAB-4FDB-BE57-FCD758D65530}.Debug|Any CPU.ActiveCfg = Debug|Any CPU
		{B44B4A62-5AAB-4FDB-BE57-FCD758D65530}.Debug|Any CPU.Build.0 = Debug|Any CPU
		{B44B4A62-5AAB-4FDB-BE57-FCD758D65530}.Release|Any CPU.ActiveCfg = Release|Any CPU
		{B44B4A62-5AAB-4FDB-BE57-FCD758D65530}.Release|Any CPU.Build.0 = Release|Any CPU
		{F95091A5-68C0-46DE-B4F6-F8A73330BE8C}.Debug|Any CPU.ActiveCfg = Debug|Any CPU
		{F95091A5-68C0-46DE-B4F6-F8A73330BE8C}.Debug|Any CPU.Build.0 = Debug|Any CPU
		{F95091A5-68C0-46DE-B4F6-F8A73330BE8C}.Release|Any CPU.ActiveCfg = Release|Any CPU
		{F95091A5-68C0-46DE-B4F6-F8A73330BE8C}.Release|Any CPU.Build.0 = Release|Any CPU
		{6E705AD0-1E63-4924-B7F8-917D422D1F89}.Debug|Any CPU.ActiveCfg = Debug|Any CPU
		{6E705AD0-1E63-4924-B7F8-917D422D1F89}.Debug|Any CPU.Build.0 = Debug|Any CPU
		{6E705AD0-1E63-4924-B7F8-917D422D1F89}.Release|Any CPU.ActiveCfg = Release|Any CPU
		{6E705AD0-1E63-4924-B7F8-917D422D1F89}.Release|Any CPU.Build.0 = Release|Any CPU
		{AAABF77B-1645-4234-80FA-6691BF4D13D4}.Debug|Any CPU.ActiveCfg = Debug|Any CPU
		{AAABF77B-1645-4234-80FA-6691BF4D13D4}.Debug|Any CPU.Build.0 = Debug|Any CPU
		{AAABF77B-1645-4234-80FA-6691BF4D13D4}.Release|Any CPU.ActiveCfg = Release|Any CPU
		{AAABF77B-1645-4234-80FA-6691BF4D13D4}.Release|Any CPU.Build.0 = Release|Any CPU
		{092D6D1D-87DE-4837-AAE1-D822C61B5ECC}.Debug|Any CPU.ActiveCfg = Debug|Any CPU
		{092D6D1D-87DE-4837-AAE1-D822C61B5ECC}.Debug|Any CPU.Build.0 = Debug|Any CPU
		{092D6D1D-87DE-4837-AAE1-D822C61B5ECC}.Release|Any CPU.ActiveCfg = Release|Any CPU
		{092D6D1D-87DE-4837-AAE1-D822C61B5ECC}.Release|Any CPU.Build.0 = Release|Any CPU
		{7A4A0482-00C7-47ED-BB74-02474A20CFC4}.Debug|Any CPU.ActiveCfg = Debug|Any CPU
		{7A4A0482-00C7-47ED-BB74-02474A20CFC4}.Debug|Any CPU.Build.0 = Debug|Any CPU
		{7A4A0482-00C7-47ED-BB74-02474A20CFC4}.Release|Any CPU.ActiveCfg = Release|Any CPU
		{7A4A0482-00C7-47ED-BB74-02474A20CFC4}.Release|Any CPU.Build.0 = Release|Any CPU
		{97259CC5-8BDE-433A-B4D9-09F2B899A4D0}.Debug|Any CPU.ActiveCfg = Debug|Any CPU
		{97259CC5-8BDE-433A-B4D9-09F2B899A4D0}.Debug|Any CPU.Build.0 = Debug|Any CPU
		{97259CC5-8BDE-433A-B4D9-09F2B899A4D0}.Release|Any CPU.ActiveCfg = Release|Any CPU
		{97259CC5-8BDE-433A-B4D9-09F2B899A4D0}.Release|Any CPU.Build.0 = Release|Any CPU
		{D3A05883-0617-4463-A94A-D2831B6EEB9D}.Debug|Any CPU.ActiveCfg = Debug|Any CPU
		{D3A05883-0617-4463-A94A-D2831B6EEB9D}.Debug|Any CPU.Build.0 = Debug|Any CPU
		{D3A05883-0617-4463-A94A-D2831B6EEB9D}.Release|Any CPU.ActiveCfg = Release|Any CPU
		{D3A05883-0617-4463-A94A-D2831B6EEB9D}.Release|Any CPU.Build.0 = Release|Any CPU
		{B114B4F4-587E-47D3-B942-4FBBAEA79749}.Debug|Any CPU.ActiveCfg = Debug|Any CPU
		{B114B4F4-587E-47D3-B942-4FBBAEA79749}.Debug|Any CPU.Build.0 = Debug|Any CPU
		{B114B4F4-587E-47D3-B942-4FBBAEA79749}.Release|Any CPU.ActiveCfg = Release|Any CPU
		{B114B4F4-587E-47D3-B942-4FBBAEA79749}.Release|Any CPU.Build.0 = Release|Any CPU
		{5A45E6B4-6759-46BC-AFAB-423E4EE9B3BB}.Debug|Any CPU.ActiveCfg = Debug|Any CPU
		{5A45E6B4-6759-46BC-AFAB-423E4EE9B3BB}.Debug|Any CPU.Build.0 = Debug|Any CPU
		{5A45E6B4-6759-46BC-AFAB-423E4EE9B3BB}.Release|Any CPU.ActiveCfg = Release|Any CPU
		{5A45E6B4-6759-46BC-AFAB-423E4EE9B3BB}.Release|Any CPU.Build.0 = Release|Any CPU
		{760C161D-68D2-432B-8C64-216325F762BE}.Debug|Any CPU.ActiveCfg = Debug|Any CPU
		{760C161D-68D2-432B-8C64-216325F762BE}.Debug|Any CPU.Build.0 = Debug|Any CPU
		{760C161D-68D2-432B-8C64-216325F762BE}.Release|Any CPU.ActiveCfg = Release|Any CPU
		{760C161D-68D2-432B-8C64-216325F762BE}.Release|Any CPU.Build.0 = Release|Any CPU
		{0369CE45-3186-4979-A769-D054A27DABEE}.Debug|Any CPU.ActiveCfg = Debug|Any CPU
		{0369CE45-3186-4979-A769-D054A27DABEE}.Debug|Any CPU.Build.0 = Debug|Any CPU
		{0369CE45-3186-4979-A769-D054A27DABEE}.Release|Any CPU.ActiveCfg = Release|Any CPU
		{0369CE45-3186-4979-A769-D054A27DABEE}.Release|Any CPU.Build.0 = Release|Any CPU
		{BAB504BE-0150-4373-9F3F-FA131D20D178}.Debug|Any CPU.ActiveCfg = Debug|Any CPU
		{BAB504BE-0150-4373-9F3F-FA131D20D178}.Debug|Any CPU.Build.0 = Debug|Any CPU
		{BAB504BE-0150-4373-9F3F-FA131D20D178}.Release|Any CPU.ActiveCfg = Release|Any CPU
		{BAB504BE-0150-4373-9F3F-FA131D20D178}.Release|Any CPU.Build.0 = Release|Any CPU
		{F48EBFCB-F99E-4AD2-B3D8-6B249D6E82B1}.Debug|Any CPU.ActiveCfg = Debug|Any CPU
		{F48EBFCB-F99E-4AD2-B3D8-6B249D6E82B1}.Debug|Any CPU.Build.0 = Debug|Any CPU
		{F48EBFCB-F99E-4AD2-B3D8-6B249D6E82B1}.Release|Any CPU.ActiveCfg = Release|Any CPU
		{F48EBFCB-F99E-4AD2-B3D8-6B249D6E82B1}.Release|Any CPU.Build.0 = Release|Any CPU
		{DF790C78-B5B7-4B05-977F-E7C10A6EFD63}.Debug|Any CPU.ActiveCfg = Debug|Any CPU
		{DF790C78-B5B7-4B05-977F-E7C10A6EFD63}.Debug|Any CPU.Build.0 = Debug|Any CPU
		{DF790C78-B5B7-4B05-977F-E7C10A6EFD63}.Release|Any CPU.ActiveCfg = Release|Any CPU
		{DF790C78-B5B7-4B05-977F-E7C10A6EFD63}.Release|Any CPU.Build.0 = Release|Any CPU
		{4591B71A-BC63-4D0C-9CD8-90BE3C578E9B}.Debug|Any CPU.ActiveCfg = Debug|Any CPU
		{4591B71A-BC63-4D0C-9CD8-90BE3C578E9B}.Debug|Any CPU.Build.0 = Debug|Any CPU
		{4591B71A-BC63-4D0C-9CD8-90BE3C578E9B}.Release|Any CPU.ActiveCfg = Release|Any CPU
		{4591B71A-BC63-4D0C-9CD8-90BE3C578E9B}.Release|Any CPU.Build.0 = Release|Any CPU
		{5133EB2E-BB40-4534-9722-A741336305F0}.Debug|Any CPU.ActiveCfg = Debug|Any CPU
		{5133EB2E-BB40-4534-9722-A741336305F0}.Debug|Any CPU.Build.0 = Debug|Any CPU
		{5133EB2E-BB40-4534-9722-A741336305F0}.Release|Any CPU.ActiveCfg = Release|Any CPU
		{5133EB2E-BB40-4534-9722-A741336305F0}.Release|Any CPU.Build.0 = Release|Any CPU
		{82ACD830-EE03-46A6-839E-92126CDE839B}.Debug|Any CPU.ActiveCfg = Debug|Any CPU
		{82ACD830-EE03-46A6-839E-92126CDE839B}.Debug|Any CPU.Build.0 = Debug|Any CPU
		{82ACD830-EE03-46A6-839E-92126CDE839B}.Release|Any CPU.ActiveCfg = Release|Any CPU
		{82ACD830-EE03-46A6-839E-92126CDE839B}.Release|Any CPU.Build.0 = Release|Any CPU
		{6C5CA728-FB8C-4489-B3A3-DCC0136CB0B9}.Debug|Any CPU.ActiveCfg = Debug|Any CPU
		{6C5CA728-FB8C-4489-B3A3-DCC0136CB0B9}.Debug|Any CPU.Build.0 = Debug|Any CPU
		{6C5CA728-FB8C-4489-B3A3-DCC0136CB0B9}.Release|Any CPU.ActiveCfg = Release|Any CPU
		{6C5CA728-FB8C-4489-B3A3-DCC0136CB0B9}.Release|Any CPU.Build.0 = Release|Any CPU
		{E6798001-DC2F-4955-B475-94CE9544FE96}.Debug|Any CPU.ActiveCfg = Debug|Any CPU
		{E6798001-DC2F-4955-B475-94CE9544FE96}.Debug|Any CPU.Build.0 = Debug|Any CPU
		{E6798001-DC2F-4955-B475-94CE9544FE96}.Release|Any CPU.ActiveCfg = Release|Any CPU
		{E6798001-DC2F-4955-B475-94CE9544FE96}.Release|Any CPU.Build.0 = Release|Any CPU
		{F98B931F-D015-48A5-AC31-ED4B4B132166}.Debug|Any CPU.ActiveCfg = Debug|Any CPU
		{F98B931F-D015-48A5-AC31-ED4B4B132166}.Debug|Any CPU.Build.0 = Debug|Any CPU
		{F98B931F-D015-48A5-AC31-ED4B4B132166}.Release|Any CPU.ActiveCfg = Release|Any CPU
		{F98B931F-D015-48A5-AC31-ED4B4B132166}.Release|Any CPU.Build.0 = Release|Any CPU
		{8870E4CB-C774-4F78-A086-C16FBBA31508}.Debug|Any CPU.ActiveCfg = Debug|Any CPU
		{8870E4CB-C774-4F78-A086-C16FBBA31508}.Debug|Any CPU.Build.0 = Debug|Any CPU
		{8870E4CB-C774-4F78-A086-C16FBBA31508}.Release|Any CPU.ActiveCfg = Release|Any CPU
		{8870E4CB-C774-4F78-A086-C16FBBA31508}.Release|Any CPU.Build.0 = Release|Any CPU
		{6194270C-9110-4FFC-8AFF-CBD0F067CB33}.Debug|Any CPU.ActiveCfg = Debug|Any CPU
		{6194270C-9110-4FFC-8AFF-CBD0F067CB33}.Debug|Any CPU.Build.0 = Debug|Any CPU
		{6194270C-9110-4FFC-8AFF-CBD0F067CB33}.Release|Any CPU.ActiveCfg = Release|Any CPU
		{6194270C-9110-4FFC-8AFF-CBD0F067CB33}.Release|Any CPU.Build.0 = Release|Any CPU
		{0BCDB95E-6304-4FE6-B475-6CA562A582DE}.Debug|Any CPU.ActiveCfg = Debug|Any CPU
		{0BCDB95E-6304-4FE6-B475-6CA562A582DE}.Debug|Any CPU.Build.0 = Debug|Any CPU
		{0BCDB95E-6304-4FE6-B475-6CA562A582DE}.Release|Any CPU.ActiveCfg = Release|Any CPU
		{0BCDB95E-6304-4FE6-B475-6CA562A582DE}.Release|Any CPU.Build.0 = Release|Any CPU
		{881082E6-5BCE-4062-815A-E90665A26813}.Debug|Any CPU.ActiveCfg = Debug|Any CPU
		{881082E6-5BCE-4062-815A-E90665A26813}.Debug|Any CPU.Build.0 = Debug|Any CPU
		{881082E6-5BCE-4062-815A-E90665A26813}.Release|Any CPU.ActiveCfg = Release|Any CPU
		{881082E6-5BCE-4062-815A-E90665A26813}.Release|Any CPU.Build.0 = Release|Any CPU
		{FA1B985B-0CA7-4AE5-9A0B-78E912CEE7C0}.Debug|Any CPU.ActiveCfg = Debug|Any CPU
		{FA1B985B-0CA7-4AE5-9A0B-78E912CEE7C0}.Debug|Any CPU.Build.0 = Debug|Any CPU
		{FA1B985B-0CA7-4AE5-9A0B-78E912CEE7C0}.Release|Any CPU.ActiveCfg = Release|Any CPU
		{FA1B985B-0CA7-4AE5-9A0B-78E912CEE7C0}.Release|Any CPU.Build.0 = Release|Any CPU
		{36EAD40C-CF85-4984-8DBB-C26F4BC7D555}.Debug|Any CPU.ActiveCfg = Debug|Any CPU
		{36EAD40C-CF85-4984-8DBB-C26F4BC7D555}.Debug|Any CPU.Build.0 = Debug|Any CPU
		{36EAD40C-CF85-4984-8DBB-C26F4BC7D555}.Release|Any CPU.ActiveCfg = Release|Any CPU
		{36EAD40C-CF85-4984-8DBB-C26F4BC7D555}.Release|Any CPU.Build.0 = Release|Any CPU
		{8D26848F-A835-45AC-8425-D42974D44E70}.Debug|Any CPU.ActiveCfg = Debug|Any CPU
		{8D26848F-A835-45AC-8425-D42974D44E70}.Debug|Any CPU.Build.0 = Debug|Any CPU
		{8D26848F-A835-45AC-8425-D42974D44E70}.Release|Any CPU.ActiveCfg = Release|Any CPU
		{8D26848F-A835-45AC-8425-D42974D44E70}.Release|Any CPU.Build.0 = Release|Any CPU
		{303CDEAE-1C68-4788-824F-0930E43D74BA}.Debug|Any CPU.ActiveCfg = Debug|Any CPU
		{303CDEAE-1C68-4788-824F-0930E43D74BA}.Debug|Any CPU.Build.0 = Debug|Any CPU
		{303CDEAE-1C68-4788-824F-0930E43D74BA}.Release|Any CPU.ActiveCfg = Release|Any CPU
		{303CDEAE-1C68-4788-824F-0930E43D74BA}.Release|Any CPU.Build.0 = Release|Any CPU
		{3EABEF97-83B4-4787-9F17-08FFD2B85967}.Debug|Any CPU.ActiveCfg = Debug|Any CPU
		{3EABEF97-83B4-4787-9F17-08FFD2B85967}.Debug|Any CPU.Build.0 = Debug|Any CPU
		{3EABEF97-83B4-4787-9F17-08FFD2B85967}.Release|Any CPU.ActiveCfg = Release|Any CPU
		{3EABEF97-83B4-4787-9F17-08FFD2B85967}.Release|Any CPU.Build.0 = Release|Any CPU
		{E2B27A4C-D229-4F32-A813-0E663C5BED70}.Debug|Any CPU.ActiveCfg = Debug|Any CPU
		{E2B27A4C-D229-4F32-A813-0E663C5BED70}.Debug|Any CPU.Build.0 = Debug|Any CPU
		{E2B27A4C-D229-4F32-A813-0E663C5BED70}.Release|Any CPU.ActiveCfg = Release|Any CPU
		{E2B27A4C-D229-4F32-A813-0E663C5BED70}.Release|Any CPU.Build.0 = Release|Any CPU
		{2B8BEB4D-D1D7-4C89-ADBD-59B4AE6F40A7}.Debug|Any CPU.ActiveCfg = Debug|Any CPU
		{2B8BEB4D-D1D7-4C89-ADBD-59B4AE6F40A7}.Debug|Any CPU.Build.0 = Debug|Any CPU
		{2B8BEB4D-D1D7-4C89-ADBD-59B4AE6F40A7}.Release|Any CPU.ActiveCfg = Release|Any CPU
		{2B8BEB4D-D1D7-4C89-ADBD-59B4AE6F40A7}.Release|Any CPU.Build.0 = Release|Any CPU
		{BBACD83C-165C-4F2C-BD12-125568337580}.Debug|Any CPU.ActiveCfg = Debug|Any CPU
		{BBACD83C-165C-4F2C-BD12-125568337580}.Debug|Any CPU.Build.0 = Debug|Any CPU
		{BBACD83C-165C-4F2C-BD12-125568337580}.Release|Any CPU.ActiveCfg = Release|Any CPU
		{BBACD83C-165C-4F2C-BD12-125568337580}.Release|Any CPU.Build.0 = Release|Any CPU
		{E97FA01D-DF86-4242-928D-16FC9C0B6B7F}.Debug|Any CPU.ActiveCfg = Debug|Any CPU
		{E97FA01D-DF86-4242-928D-16FC9C0B6B7F}.Debug|Any CPU.Build.0 = Debug|Any CPU
		{E97FA01D-DF86-4242-928D-16FC9C0B6B7F}.Release|Any CPU.ActiveCfg = Release|Any CPU
		{E97FA01D-DF86-4242-928D-16FC9C0B6B7F}.Release|Any CPU.Build.0 = Release|Any CPU
		{FF095B9C-91B9-4918-8A52-0CD3348F559E}.Debug|Any CPU.ActiveCfg = Debug|Any CPU
		{FF095B9C-91B9-4918-8A52-0CD3348F559E}.Debug|Any CPU.Build.0 = Debug|Any CPU
		{FF095B9C-91B9-4918-8A52-0CD3348F559E}.Release|Any CPU.ActiveCfg = Release|Any CPU
		{FF095B9C-91B9-4918-8A52-0CD3348F559E}.Release|Any CPU.Build.0 = Release|Any CPU
	EndGlobalSection
	GlobalSection(SolutionProperties) = preSolution
		HideSolutionNode = FALSE
	EndGlobalSection
	GlobalSection(NestedProjects) = preSolution
		{D5C7A9AF-7217-43D6-8BE7-758C70FEB8E6} = {0992316E-655D-4E7E-A30F-54660F9E36C4}
		{5DEFC99A-E77E-4240-B72B-80E575950FF6} = {0992316E-655D-4E7E-A30F-54660F9E36C4}
		{0791E63D-E8BD-43B6-A271-85E5A5D4E0D7} = {2B1F5C89-1A32-4004-B96A-5D2F147386DE}
		{7C2AA7E7-961E-488E-81E0-E0619639AC71} = {FA13C33B-1BEE-412C-B771-BA4B8CDB41B1}
		{229D3B6F-A643-431C-8001-CC303BE2BA5D} = {DF2E1524-7A43-4B2B-80BD-35ED42137E8F}
		{9E705D62-36A7-44A7-91CE-67BF924A2BDF} = {0992316E-655D-4E7E-A30F-54660F9E36C4}
		{4029D8C6-360B-441B-B408-77F2F09B7E43} = {0992316E-655D-4E7E-A30F-54660F9E36C4}
		{F96C5334-5B80-4FB5-B7CF-79A58BE1A771} = {66D2851D-A680-4BAB-B360-322313B64811}
		{161D7FDC-F9F7-4828-9157-3AC67EFDB22A} = {DF2E1524-7A43-4B2B-80BD-35ED42137E8F}
		{69D7B0FB-AE2F-4430-BA28-0EB92C715146} = {0992316E-655D-4E7E-A30F-54660F9E36C4}
		{C0A17AD3-A796-4527-84AF-79D00A02F3AF} = {A5C4A459-8573-447E-AA67-DD49DDD4C1ED}
		{9F57F5BD-CBCE-452A-AB11-50A0B052E19F} = {A5C4A459-8573-447E-AA67-DD49DDD4C1ED}
		{C6674748-8FEF-4C5A-AA7B-34E7AFC70BC6} = {433C8122-E7A6-494C-8440-B2CD3D0060F6}
		{9F3CECB3-20F6-4134-99EA-BE05A91BF219} = {E23CC524-C196-47CB-BEE1-46FCB37380F0}
		{923CBAA4-5355-47D2-BF0E-16968333391D} = {66D2851D-A680-4BAB-B360-322313B64811}
		{9C69EDCB-72AA-45F2-8417-1414474904A7} = {66D2851D-A680-4BAB-B360-322313B64811}
		{153C8C6B-7BF9-4007-A8DF-9183A575A536} = {66D2851D-A680-4BAB-B360-322313B64811}
		{B44B4A62-5AAB-4FDB-BE57-FCD758D65530} = {66D2851D-A680-4BAB-B360-322313B64811}
		{F95091A5-68C0-46DE-B4F6-F8A73330BE8C} = {66D2851D-A680-4BAB-B360-322313B64811}
		{6E705AD0-1E63-4924-B7F8-917D422D1F89} = {35A4AB56-B561-47D5-B529-8F1C2BD8E150}
		{AAABF77B-1645-4234-80FA-6691BF4D13D4} = {DF2E1524-7A43-4B2B-80BD-35ED42137E8F}
		{092D6D1D-87DE-4837-AAE1-D822C61B5ECC} = {433C8122-E7A6-494C-8440-B2CD3D0060F6}
		{7A4A0482-00C7-47ED-BB74-02474A20CFC4} = {E23CC524-C196-47CB-BEE1-46FCB37380F0}
		{97259CC5-8BDE-433A-B4D9-09F2B899A4D0} = {E23CC524-C196-47CB-BEE1-46FCB37380F0}
		{D3A05883-0617-4463-A94A-D2831B6EEB9D} = {E23CC524-C196-47CB-BEE1-46FCB37380F0}
		{B114B4F4-587E-47D3-B942-4FBBAEA79749} = {CDFA0948-0562-4FA5-B007-D38BEAFFA391}
		{5A45E6B4-6759-46BC-AFAB-423E4EE9B3BB} = {E23CC524-C196-47CB-BEE1-46FCB37380F0}
		{760C161D-68D2-432B-8C64-216325F762BE} = {E23CC524-C196-47CB-BEE1-46FCB37380F0}
		{0369CE45-3186-4979-A769-D054A27DABEE} = {0992316E-655D-4E7E-A30F-54660F9E36C4}
		{BAB504BE-0150-4373-9F3F-FA131D20D178} = {FA13C33B-1BEE-412C-B771-BA4B8CDB41B1}
		{F48EBFCB-F99E-4AD2-B3D8-6B249D6E82B1} = {FA13C33B-1BEE-412C-B771-BA4B8CDB41B1}
		{DF790C78-B5B7-4B05-977F-E7C10A6EFD63} = {0992316E-655D-4E7E-A30F-54660F9E36C4}
		{4591B71A-BC63-4D0C-9CD8-90BE3C578E9B} = {E23CC524-C196-47CB-BEE1-46FCB37380F0}
		{5133EB2E-BB40-4534-9722-A741336305F0} = {E5CE1340-6CCC-499F-89A9-EFE676909955}
		{82ACD830-EE03-46A6-839E-92126CDE839B} = {E5CE1340-6CCC-499F-89A9-EFE676909955}
		{6C5CA728-FB8C-4489-B3A3-DCC0136CB0B9} = {433C8122-E7A6-494C-8440-B2CD3D0060F6}
		{E6798001-DC2F-4955-B475-94CE9544FE96} = {FA13C33B-1BEE-412C-B771-BA4B8CDB41B1}
		{F98B931F-D015-48A5-AC31-ED4B4B132166} = {F960B1C5-18B9-4945-BB34-011946B5C31F}
		{8870E4CB-C774-4F78-A086-C16FBBA31508} = {DF2E1524-7A43-4B2B-80BD-35ED42137E8F}
		{6194270C-9110-4FFC-8AFF-CBD0F067CB33} = {FFF3A448-BAC7-4AB2-BC52-F39E43859189}
		{0BCDB95E-6304-4FE6-B475-6CA562A582DE} = {DF2E1524-7A43-4B2B-80BD-35ED42137E8F}
		{881082E6-5BCE-4062-815A-E90665A26813} = {FFF3A448-BAC7-4AB2-BC52-F39E43859189}
		{FA1B985B-0CA7-4AE5-9A0B-78E912CEE7C0} = {DF2E1524-7A43-4B2B-80BD-35ED42137E8F}
		{36EAD40C-CF85-4984-8DBB-C26F4BC7D555} = {CDFA0948-0562-4FA5-B007-D38BEAFFA391}
		{8D26848F-A835-45AC-8425-D42974D44E70} = {CDFA0948-0562-4FA5-B007-D38BEAFFA391}
		{303CDEAE-1C68-4788-824F-0930E43D74BA} = {CDFA0948-0562-4FA5-B007-D38BEAFFA391}
		{3EABEF97-83B4-4787-9F17-08FFD2B85967} = {8CC3A02C-A858-4CDE-9B8C-33F0088DB01C}
		{E2B27A4C-D229-4F32-A813-0E663C5BED70} = {CAD82064-4662-44C3-80EB-BF546EC1900C}
		{2B8BEB4D-D1D7-4C89-ADBD-59B4AE6F40A7} = {F960B1C5-18B9-4945-BB34-011946B5C31F}
		{BBACD83C-165C-4F2C-BD12-125568337580} = {F960B1C5-18B9-4945-BB34-011946B5C31F}
		{E97FA01D-DF86-4242-928D-16FC9C0B6B7F} = {A5C4A459-8573-447E-AA67-DD49DDD4C1ED}
		{FF095B9C-91B9-4918-8A52-0CD3348F559E} = {6F9227E9-4621-4DB5-884D-E4463AA5349C}
	EndGlobalSection
	GlobalSection(ExtensibilityGlobals) = postSolution
		SolutionGuid = {B4E68A9C-300A-490A-B3A5-1F1D5A0A3260}
	EndGlobalSection
EndGlobal
